PODS:
  - SLAlipaySDK_NO_UTDID (15.8.03.3):
    - UTDID
  - UTDID (1.0.0)

DEPENDENCIES:
  - SLAlipaySDK_NO_UTDID (from `../`)

SPEC REPOS:
  trunk:
    - UTDID

EXTERNAL SOURCES:
  SLAlipaySDK_NO_UTDID:
    :path: "../"

SPEC CHECKSUMS:
  SLAlipaySDK_NO_UTDID: 74fb124590fec2058e1a99d4de805931c11c7272
  UTDID: 05c4737c8cf5c210e86d0235570816ed00e023e8

PODFILE CHECKSUM: 1d29cfc2a0073b96422504ff13514746be645171

COCOAPODS: 1.10.1
