PODS:
  - SLAlipaySDK_NO_UTDID (15.8.03.3):
    - UTDID
  - UTDID (1.0.0)

DEPENDENCIES:
  - SLAlipaySDK_NO_UTDID (from `../SLAlipaySDK_NO_UTDID.podspec`)

SPEC REPOS:
  trunk:
    - UTDID

EXTERNAL SOURCES:
  SLAlipaySDK_NO_UTDID:
    :path: "../SLAlipaySDK_NO_UTDID.podspec"

SPEC CHECKSUMS:
  SLAlipaySDK_NO_UTDID: 2719d56d83d07c5f2e64c4ccadb4fede41708206
  UTDID: 05c4737c8cf5c210e86d0235570816ed00e023e8

PODFILE CHECKSUM: 41452a15686c5fedcd02caed9b79f57dde429076

COCOAPODS: 1.11.2
